
Microsoft Visual Studio Solution File, Format Version 12.00
# Visual Studio Version 17
VisualStudioVersion = 17.0.32014.148
MinimumVisualStudioVersion = 10.0.40219.1
Project("{9A19103F-16F7-4668-BE54-9A1E7A4F7556}") = "API", "API\API.csproj", "{0481F198-7A96-42B2-8485-EACF640A56F0}"
EndProject
Project("{9A19103F-16F7-4668-BE54-9A1E7A4F7556}") = "Application", "Application\Application.csproj", "{541BAE87-41CC-4299-B866-884A338011CB}"
EndProject
Project("{9A19103F-16F7-4668-BE54-9A1E7A4F7556}") = "Domain", "Domain\Domain.csproj", "{783A3A34-EBAC-4E81-95D1-2CC0C1016D8C}"
EndProject
Project("{9A19103F-16F7-4668-BE54-9A1E7A4F7556}") = "Persistence", "Persistence\Persistence.csproj", "{D458B23E-23C1-4609-95FD-D7F35C8B0923}"
EndProject
Project("{FAE04EC0-301F-11D3-BF4B-00C04F79EFBC}") = "Infrastructure", "Infrastructure\Infrastructure.csproj", "{62EF8395-E8D9-4565-ADCF-FE93277B9D8C}"
EndProject
Global
	GlobalSection(SolutionConfigurationPlatforms) = preSolution
		Debug|Any CPU = Debug|Any CPU
		Release|Any CPU = Release|Any CPU
	EndGlobalSection
	GlobalSection(ProjectConfigurationPlatforms) = postSolution
		{0481F198-7A96-42B2-8485-EACF640A56F0}.Debug|Any CPU.ActiveCfg = Debug|Any CPU
		{0481F198-7A96-42B2-8485-EACF640A56F0}.Debug|Any CPU.Build.0 = Debug|Any CPU
		{0481F198-7A96-42B2-8485-EACF640A56F0}.Release|Any CPU.ActiveCfg = Release|Any CPU
		{0481F198-7A96-42B2-8485-EACF640A56F0}.Release|Any CPU.Build.0 = Release|Any CPU
		{541BAE87-41CC-4299-B866-884A338011CB}.Debug|Any CPU.ActiveCfg = Debug|Any CPU
		{541BAE87-41CC-4299-B866-884A338011CB}.Debug|Any CPU.Build.0 = Debug|Any CPU
		{541BAE87-41CC-4299-B866-884A338011CB}.Release|Any CPU.ActiveCfg = Release|Any CPU
		{541BAE87-41CC-4299-B866-884A338011CB}.Release|Any CPU.Build.0 = Release|Any CPU
		{783A3A34-EBAC-4E81-95D1-2CC0C1016D8C}.Debug|Any CPU.ActiveCfg = Debug|Any CPU
		{783A3A34-EBAC-4E81-95D1-2CC0C1016D8C}.Debug|Any CPU.Build.0 = Debug|Any CPU
		{783A3A34-EBAC-4E81-95D1-2CC0C1016D8C}.Release|Any CPU.ActiveCfg = Release|Any CPU
		{783A3A34-EBAC-4E81-95D1-2CC0C1016D8C}.Release|Any CPU.Build.0 = Release|Any CPU
		{D458B23E-23C1-4609-95FD-D7F35C8B0923}.Debug|Any CPU.ActiveCfg = Debug|Any CPU
		{D458B23E-23C1-4609-95FD-D7F35C8B0923}.Debug|Any CPU.Build.0 = Debug|Any CPU
		{D458B23E-23C1-4609-95FD-D7F35C8B0923}.Release|Any CPU.ActiveCfg = Release|Any CPU
		{D458B23E-23C1-4609-95FD-D7F35C8B0923}.Release|Any CPU.Build.0 = Release|Any CPU
		{62EF8395-E8D9-4565-ADCF-FE93277B9D8C}.Debug|Any CPU.ActiveCfg = Debug|Any CPU
		{62EF8395-E8D9-4565-ADCF-FE93277B9D8C}.Debug|Any CPU.Build.0 = Debug|Any CPU
		{62EF8395-E8D9-4565-ADCF-FE93277B9D8C}.Release|Any CPU.ActiveCfg = Release|Any CPU
		{62EF8395-E8D9-4565-ADCF-FE93277B9D8C}.Release|Any CPU.Build.0 = Release|Any CPU
	EndGlobalSection
	GlobalSection(SolutionProperties) = preSolution
		HideSolutionNode = FALSE
	EndGlobalSection
	GlobalSection(ExtensibilityGlobals) = postSolution
		SolutionGuid = {F40803DF-0685-4D1B-8381-B69AED74F953}
	EndGlobalSection
EndGlobal
